{
    "_meta": {
        "hash": {
            "sha256": "1c954cfb97799bc7abdad4897649ded04901806a2d60f59dacb35718a314fdc3"
        },
        "pipfile-spec": 6,
        "requires": {
            "python_version": "3.7"
        },
        "sources": [
            {
                "name": "pypi",
                "url": "https://pypi.org/simple",
                "verify_ssl": true
            }
        ]
    },
    "default": {
        "click": {
            "hashes": [
                "sha256:2335065e6395b9e67ca716de5f7526736bfa6ceead690adf616d925bdc622b13",
                "sha256:5b94b49521f6456670fdb30cd82a4eca9412788a93fa6dd6df72c94d5a8ff2d7"
            ],
            "index": "pypi",
            "version": "==7.0"
        },
        "jaconv": {
            "hashes": [
                "sha256:c8d79ad7b44adc38634476f5ff4ee42b6d92ed4b7b01d31addd98f3567132bd8"
            ],
            "index": "pypi",
            "version": "==0.2.3"
        }
    },
    "develop": {}
}
