version = 1
revision = 3
requires-python = ">=3.14"

[[package]]
name = "click"
version = "8.5.0"
source = { registry = "https://pypi.org/simple" }
sdist = { url = "https://files.pythonhosted.org/packages/c7/0e/7fa0ef50764b67090eca4114772a2abf8b6148198475e54c660b97caeee6/click-8.5.0.tar.gz", hash = "sha256:ba0d2089de75ea0310e2dde03160e6ca10009947fb95a182f9b54021bb272e34", size = 382235, upload-time = "2026-08-26T13:33:14.56Z" }
wheels = [
    { url = "https://files.pythonhosted.org/packages/58/50/6c0d534c5f134586a8e1ba4e330569e32f057e33372ae556463212fb4cd3/click-8.5.0-py3-none-any.whl", hash = "sha256:255bc9599cf7748b4b1a446ccc735421bd08a2ae529a8b88597d3de5664ee360", size = 125251, upload-time = "2026-08-26T13:33:12.928Z" },
]

[[package]]
name = "jaconv"
version = "0.5.0"
source = { registry = "https://pypi.org/simple" }
sdist = { url = "https://files.pythonhosted.org/packages/91/0e/9fffaacda59bdfa479372c71d18d72968d2af5a36a5a2086b02a60124b98/jaconv-0.5.0.tar.gz", hash = "sha256:53f6f968276846716f0f37100a6d5c7308cfa1e0c714eb41287d5bb09345c40f", size = 21816, upload-time = "2026-02-08T11:15:57.07Z" }
wheels = [
    { url = "https://files.pythonhosted.org/packages/3b/da/9657d637bcacdbaf6a914ce504000da5639f9d945f8d3552a940f021d6c0/jaconv-0.5.0-py3-none-any.whl", hash = "sha256:2914114fe761ca49fc7089e25e6ad4a400c26f262ffce84e13b176916b71610a", size = 16831, upload-time = "2026-02-08T11:15:55.322Z" },
]

[[package]]
name = "jp-citycode"
version = "0.1.0"
source = { virtual = "." }
dependencies = [
    { name = "click" },
    { name = "jaconv" },
]

[package.metadata]
requires-dist = [
    { name = "click" },
    { name = "jaconv" },
]
